
Microsoft Visual Studio Solution File, Format Version 12.00
# Visual Studio Version 17
VisualStudioVersion = 17.0.32112.339
MinimumVisualStudioVersion = 10.0.40219.1
Project("{FAE04EC0-301F-11D3-BF4B-00C04F79EFBC}") = "gh-dylan", "gh-dylan\gh-dylan.csproj", "{CC4CB8A6-2B35-459A-AB0E-045BB31C9EC1}"
EndProject
Global
	GlobalSection(SolutionConfigurationPlatforms) = preSolution
		Debug|Any CPU = Debug|Any CPU
		Release|Any CPU = Release|Any CPU
	EndGlobalSection
	GlobalSection(ProjectConfigurationPlatforms) = postSolution
		{CC4CB8A6-2B35-459A-AB0E-045BB31C9EC1}.Debug|Any CPU.ActiveCfg = Debug|Any CPU
		{CC4CB8A6-2B35-459A-AB0E-045BB31C9EC1}.Debug|Any CPU.Build.0 = Debug|Any CPU
		{CC4CB8A6-2B35-459A-AB0E-045BB31C9EC1}.Release|Any CPU.ActiveCfg = Release|Any CPU
		{CC4CB8A6-2B35-459A-AB0E-045BB31C9EC1}.Release|Any CPU.Build.0 = Release|Any CPU
	EndGlobalSection
	GlobalSection(SolutionProperties) = preSolution
		HideSolutionNode = FALSE
	EndGlobalSection
	GlobalSection(ExtensibilityGlobals) = postSolution
		SolutionGuid = {C6B6962A-2C44-41B5-90C0-BC0857CA5FA6}
	EndGlobalSection
EndGlobal
